
Microsoft Visual Studio Solution File, Format Version 12.00
# Visual Studio 15
VisualStudioVersion = 15.0.28307.572
MinimumVisualStudioVersion = 10.0.40219.1
Project("{FAE04EC0-301F-11D3-BF4B-00C04F79EFBC}") = "Pierwszy program", "Pierwszy program\Pierwszy program.csproj", "{EB83F41C-8341-4120-9500-3656AC2D87C9}"
EndProject
Global
	GlobalSection(SolutionConfigurationPlatforms) = preSolution
		Debug|Any CPU = Debug|Any CPU
		Release|Any CPU = Release|Any CPU
	EndGlobalSection
	GlobalSection(ProjectConfigurationPlatforms) = postSolution
		{EB83F41C-8341-4120-9500-3656AC2D87C9}.Debug|Any CPU.ActiveCfg = Debug|Any CPU
		{EB83F41C-8341-4120-9500-3656AC2D87C9}.Debug|Any CPU.Build.0 = Debug|Any CPU
		{EB83F41C-8341-4120-9500-3656AC2D87C9}.Release|Any CPU.ActiveCfg = Release|Any CPU
		{EB83F41C-8341-4120-9500-3656AC2D87C9}.Release|Any CPU.Build.0 = Release|Any CPU
	EndGlobalSection
	GlobalSection(SolutionProperties) = preSolution
		HideSolutionNode = FALSE
	EndGlobalSection
	GlobalSection(ExtensibilityGlobals) = postSolution
		SolutionGuid = {BA8F7C25-E2AC-4F0F-A97A-5D37EE43E411}
	EndGlobalSection
EndGlobal
