
Microsoft Visual Studio Solution File, Format Version 12.00
# Visual Studio Version 16
VisualStudioVersion = 16.0.28803.352
MinimumVisualStudioVersion = 10.0.40219.1
Project("{FAE04EC0-301F-11D3-BF4B-00C04F79EFBC}") = "z4", "z4\z4.csproj", "{CE2E3212-66B3-4C51-B2CC-5B308A0136BD}"
EndProject
Global
	GlobalSection(SolutionConfigurationPlatforms) = preSolution
		Debug|Any CPU = Debug|Any CPU
		Release|Any CPU = Release|Any CPU
	EndGlobalSection
	GlobalSection(ProjectConfigurationPlatforms) = postSolution
		{CE2E3212-66B3-4C51-B2CC-5B308A0136BD}.Debug|Any CPU.ActiveCfg = Debug|Any CPU
		{CE2E3212-66B3-4C51-B2CC-5B308A0136BD}.Debug|Any CPU.Build.0 = Debug|Any CPU
		{CE2E3212-66B3-4C51-B2CC-5B308A0136BD}.Release|Any CPU.ActiveCfg = Release|Any CPU
		{CE2E3212-66B3-4C51-B2CC-5B308A0136BD}.Release|Any CPU.Build.0 = Release|Any CPU
	EndGlobalSection
	GlobalSection(SolutionProperties) = preSolution
		HideSolutionNode = FALSE
	EndGlobalSection
	GlobalSection(ExtensibilityGlobals) = postSolution
		SolutionGuid = {F305DFBB-A385-481B-8EF5-DA48CD9ACC17}
	EndGlobalSection
EndGlobal
